
Microsoft Visual Studio Solution File, Format Version 12.00
# Visual Studio Version 16
VisualStudioVersion = 16.0.36324.18
MinimumVisualStudioVersion = 10.0.40219.1
Project("{FAE04EC0-301F-11D3-BF4B-00C04F79EFBC}") = "EjecucionDll", "EjecucionDll\EjecucionDll.csproj", "{CBF701BC-A76B-47E4-AA13-A9B5AB642746}"
EndProject
Global
	GlobalSection(SolutionConfigurationPlatforms) = preSolution
		Debug|Any CPU = Debug|Any CPU
		Release|Any CPU = Release|Any CPU
	EndGlobalSection
	GlobalSection(ProjectConfigurationPlatforms) = postSolution
		{CBF701BC-A76B-47E4-AA13-A9B5AB642746}.Debug|Any CPU.ActiveCfg = Debug|Any CPU
		{CBF701BC-A76B-47E4-AA13-A9B5AB642746}.Debug|Any CPU.Build.0 = Debug|Any CPU
		{CBF701BC-A76B-47E4-AA13-A9B5AB642746}.Release|Any CPU.ActiveCfg = Release|Any CPU
		{CBF701BC-A76B-47E4-AA13-A9B5AB642746}.Release|Any CPU.Build.0 = Release|Any CPU
	EndGlobalSection
	GlobalSection(SolutionProperties) = preSolution
		HideSolutionNode = FALSE
	EndGlobalSection
	GlobalSection(ExtensibilityGlobals) = postSolution
		SolutionGuid = {7875BFD6-5949-4D45-9219-D615643AF982}
	EndGlobalSection
EndGlobal
